github.com/asaskevich/EventBus v0.0.0-20200907212545-49d423059eef h1:2JGTg6JapxP9/R33ZaagQtAM4EkkSYnIAlOG5EI8gkM=
github.com/asaskevich/EventBus v0.0.0-20200907212545-49d423059eef/go.mod h1:JS7hed4L1fj0hXcyEejnW57/7LCetXggd+vwrRnYeII=
github.com/benbjohnson/clock v1.3.5 h1:VvXlSJBzZpA/zum6Sj74hxwYI2DIxRWuNIoXAzHZz5o=
github.com/benbjohnson/clock v1.3.5/go.mod h1:J11/hYXuz8f4ySSvYwY0FKfm+ezbsZBKZxNJlLklBHA=
github.com/coreos/go-oidc/v3 v3.15.0 h1:R6Oz8Z4bqWR7VFQ+sPSvZPQv4x8M+sJkDO5ojgwlyAg=
github.com/coreos/go-oidc/v3 v3.15.0/go.mod h1:HaZ3szPaZ0e4r6ebqvsLWlk2Tn+aejfmrfah6hnSYEU=
github.com/eiannone/keyboard v0.0.0-20220611211555-0d226195f203 h1:XBBHcIb256gUJtLmY22n99HaZTz+r2Z51xUPi01m3wg=
github.com/eiannone/keyboard v0.0.0-20220611211555-0d226195f203/go.mod h1:E1jcSv8FaEny+OP/5k9UxZVw9YFWGj7eI4KR/iOBqCg=
github.com/ernesto-jimenez/httplogger v0.0.0-20220128121225-117514c3f345 h1:AZLrCR38RDhsyCQakz1UxCx72As18Ai5mObrKvT8DK8=
github.com/ernesto-jimenez/httplogger v0.0.0-20220128121225-117514c3f345/go.mod h1:pw+gaKQ52Cl/SrERU62yQAiWauPpLgKpuR1hkxwL4tM=
github.com/go-jose/go-jose/v4 v4.1.2 h1:TK/7NqRQZfgAh+Td8AlsrvtPoUyiHh0LqVvokh+1vHI=
github.com/go-jose/go-jose/v4 v4.1.2/go.mod h1:22cg9HWM1pOlnRiY+9cQYJ9XHmya1bYW8OeDM6Ku6Oo=
golang.org/x/crypto v0.41.0 h1:WKYxWedPGCTVVl5+WHSSrOBT0O8lx32+zxmHxijgXp4=
golang.org/x/crypto v0.41.0/go.mod h1:pO5AFd7FA68rFak7rOAGVuygIISepHftHnr8dr6+sUc=
golang.org/x/oauth2 v0.30.0 h1:dnDm7JmhM45NNpd8FDDeLhK6FwqbOf4MLCM9zb1BOHI=
golang.org/x/oauth2 v0.30.0/go.mod h1:B++QgG3ZKulg6sRPGD/mqlHQs5rB3Ml9erfeDY7xKlU=
golang.org/x/sys v0.35.0 h1:vz1N37gP5bs89s7He8XuIYXpyY0+QlsKmzipCbUtyxI=
golang.org/x/sys v0.35.0/go.mod h1:BJP2sWEmIv4KK5OTEluFJCKSidICx8ciO85XgH3Ak8k=
